
Microsoft Visual Studio Solution File, Format Version 12.00
# Visual Studio 15
VisualStudioVersion = 15.0.27703.2000
MinimumVisualStudioVersion = 10.0.40219.1
Project("{FAE04EC0-301F-11D3-BF4B-00C04F79EFBC}") = "WpfApp", "WpfApp\WpfApp.csproj", "{286B17DD-F806-4A6C-841C-1F65D6C459C3}"
EndProject
Project("{9A19103F-16F7-4668-BE54-9A1E7A4F7556}") = "Crm.Business.Entities", "Crm.Business.Entities\Crm.Business.Entities.csproj", "{504DF65C-5A10-42A0-B933-719EA6D60BC1}"
EndProject
Project("{2150E333-8FDC-42A3-9474-1A3956D46DE8}") = "01 LOB", "01 LOB", "{A7607075-C3A2-4133-AC24-415EA260851A}"
EndProject
Project("{9A19103F-16F7-4668-BE54-9A1E7A4F7556}") = "Lob.Core", "Lob.Core\Lob.Core.csproj", "{C4FF56A0-798D-44FE-8B7C-4535018A3591}"
EndProject
Project("{9A19103F-16F7-4668-BE54-9A1E7A4F7556}") = "Lob.Mvvm", "Lob.Mvvm\Lob.Mvvm.csproj", "{EC3C09BA-23D5-4360-AF3D-B4D95A69C12A}"
EndProject
Project("{FAE04EC0-301F-11D3-BF4B-00C04F79EFBC}") = "Lob.Mvvm.Tests", "Lob.Mvvm.Tests\Lob.Mvvm.Tests.csproj", "{D0E31DFD-2446-45BF-A8F3-1DF7B71C666A}"
EndProject
Project("{2150E333-8FDC-42A3-9474-1A3956D46DE8}") = "02 Models", "02 Models", "{698A1AB6-7FD6-41C5-9352-1325AF20D895}"
EndProject
Project("{2150E333-8FDC-42A3-9474-1A3956D46DE8}") = "03 Clients", "03 Clients", "{D9FAF91A-4BC1-4E16-A6EA-CF651DA6116D}"
EndProject
Global
	GlobalSection(SolutionConfigurationPlatforms) = preSolution
		Debug|Any CPU = Debug|Any CPU
		Debug|ARM = Debug|ARM
		Debug|x64 = Debug|x64
		Debug|x86 = Debug|x86
		Release|Any CPU = Release|Any CPU
		Release|ARM = Release|ARM
		Release|x64 = Release|x64
		Release|x86 = Release|x86
	EndGlobalSection
	GlobalSection(ProjectConfigurationPlatforms) = postSolution
		{286B17DD-F806-4A6C-841C-1F65D6C459C3}.Debug|Any CPU.ActiveCfg = Debug|Any CPU
		{286B17DD-F806-4A6C-841C-1F65D6C459C3}.Debug|Any CPU.Build.0 = Debug|Any CPU
		{286B17DD-F806-4A6C-841C-1F65D6C459C3}.Debug|ARM.ActiveCfg = Debug|Any CPU
		{286B17DD-F806-4A6C-841C-1F65D6C459C3}.Debug|ARM.Build.0 = Debug|Any CPU
		{286B17DD-F806-4A6C-841C-1F65D6C459C3}.Debug|x64.ActiveCfg = Debug|Any CPU
		{286B17DD-F806-4A6C-841C-1F65D6C459C3}.Debug|x64.Build.0 = Debug|Any CPU
		{286B17DD-F806-4A6C-841C-1F65D6C459C3}.Debug|x86.ActiveCfg = Debug|Any CPU
		{286B17DD-F806-4A6C-841C-1F65D6C459C3}.Debug|x86.Build.0 = Debug|Any CPU
		{286B17DD-F806-4A6C-841C-1F65D6C459C3}.Release|Any CPU.ActiveCfg = Release|Any CPU
		{286B17DD-F806-4A6C-841C-1F65D6C459C3}.Release|Any CPU.Build.0 = Release|Any CPU
		{286B17DD-F806-4A6C-841C-1F65D6C459C3}.Release|ARM.ActiveCfg = Release|Any CPU
		{286B17DD-F806-4A6C-841C-1F65D6C459C3}.Release|ARM.Build.0 = Release|Any CPU
		{286B17DD-F806-4A6C-841C-1F65D6C459C3}.Release|x64.ActiveCfg = Release|Any CPU
		{286B17DD-F806-4A6C-841C-1F65D6C459C3}.Release|x64.Build.0 = Release|Any CPU
		{286B17DD-F806-4A6C-841C-1F65D6C459C3}.Release|x86.ActiveCfg = Release|Any CPU
		{286B17DD-F806-4A6C-841C-1F65D6C459C3}.Release|x86.Build.0 = Release|Any CPU
		{504DF65C-5A10-42A0-B933-719EA6D60BC1}.Debug|Any CPU.ActiveCfg = Debug|Any CPU
		{504DF65C-5A10-42A0-B933-719EA6D60BC1}.Debug|Any CPU.Build.0 = Debug|Any CPU
		{504DF65C-5A10-42A0-B933-719EA6D60BC1}.Debug|ARM.ActiveCfg = Debug|Any CPU
		{504DF65C-5A10-42A0-B933-719EA6D60BC1}.Debug|ARM.Build.0 = Debug|Any CPU
		{504DF65C-5A10-42A0-B933-719EA6D60BC1}.Debug|x64.ActiveCfg = Debug|Any CPU
		{504DF65C-5A10-42A0-B933-719EA6D60BC1}.Debug|x64.Build.0 = Debug|Any CPU
		{504DF65C-5A10-42A0-B933-719EA6D60BC1}.Debug|x86.ActiveCfg = Debug|Any CPU
		{504DF65C-5A10-42A0-B933-719EA6D60BC1}.Debug|x86.Build.0 = Debug|Any CPU
		{504DF65C-5A10-42A0-B933-719EA6D60BC1}.Release|Any CPU.ActiveCfg = Release|Any CPU
		{504DF65C-5A10-42A0-B933-719EA6D60BC1}.Release|Any CPU.Build.0 = Release|Any CPU
		{504DF65C-5A10-42A0-B933-719EA6D60BC1}.Release|ARM.ActiveCfg = Release|Any CPU
		{504DF65C-5A10-42A0-B933-719EA6D60BC1}.Release|ARM.Build.0 = Release|Any CPU
		{504DF65C-5A10-42A0-B933-719EA6D60BC1}.Release|x64.ActiveCfg = Release|Any CPU
		{504DF65C-5A10-42A0-B933-719EA6D60BC1}.Release|x64.Build.0 = Release|Any CPU
		{504DF65C-5A10-42A0-B933-719EA6D60BC1}.Release|x86.ActiveCfg = Release|Any CPU
		{504DF65C-5A10-42A0-B933-719EA6D60BC1}.Release|x86.Build.0 = Release|Any CPU
		{C4FF56A0-798D-44FE-8B7C-4535018A3591}.Debug|Any CPU.ActiveCfg = Debug|Any CPU
		{C4FF56A0-798D-44FE-8B7C-4535018A3591}.Debug|Any CPU.Build.0 = Debug|Any CPU
		{C4FF56A0-798D-44FE-8B7C-4535018A3591}.Debug|ARM.ActiveCfg = Debug|Any CPU
		{C4FF56A0-798D-44FE-8B7C-4535018A3591}.Debug|ARM.Build.0 = Debug|Any CPU
		{C4FF56A0-798D-44FE-8B7C-4535018A3591}.Debug|x64.ActiveCfg = Debug|Any CPU
		{C4FF56A0-798D-44FE-8B7C-4535018A3591}.Debug|x64.Build.0 = Debug|Any CPU
		{C4FF56A0-798D-44FE-8B7C-4535018A3591}.Debug|x86.ActiveCfg = Debug|Any CPU
		{C4FF56A0-798D-44FE-8B7C-4535018A3591}.Debug|x86.Build.0 = Debug|Any CPU
		{C4FF56A0-798D-44FE-8B7C-4535018A3591}.Release|Any CPU.ActiveCfg = Release|Any CPU
		{C4FF56A0-798D-44FE-8B7C-4535018A3591}.Release|Any CPU.Build.0 = Release|Any CPU
		{C4FF56A0-798D-44FE-8B7C-4535018A3591}.Release|ARM.ActiveCfg = Release|Any CPU
		{C4FF56A0-798D-44FE-8B7C-4535018A3591}.Release|ARM.Build.0 = Release|Any CPU
		{C4FF56A0-798D-44FE-8B7C-4535018A3591}.Release|x64.ActiveCfg = Release|Any CPU
		{C4FF56A0-798D-44FE-8B7C-4535018A3591}.Release|x64.Build.0 = Release|Any CPU
		{C4FF56A0-798D-44FE-8B7C-4535018A3591}.Release|x86.ActiveCfg = Release|Any CPU
		{C4FF56A0-798D-44FE-8B7C-4535018A3591}.Release|x86.Build.0 = Release|Any CPU
		{EC3C09BA-23D5-4360-AF3D-B4D95A69C12A}.Debug|Any CPU.ActiveCfg = Debug|Any CPU
		{EC3C09BA-23D5-4360-AF3D-B4D95A69C12A}.Debug|Any CPU.Build.0 = Debug|Any CPU
		{EC3C09BA-23D5-4360-AF3D-B4D95A69C12A}.Debug|ARM.ActiveCfg = Debug|Any CPU
		{EC3C09BA-23D5-4360-AF3D-B4D95A69C12A}.Debug|ARM.Build.0 = Debug|Any CPU
		{EC3C09BA-23D5-4360-AF3D-B4D95A69C12A}.Debug|x64.ActiveCfg = Debug|Any CPU
		{EC3C09BA-23D5-4360-AF3D-B4D95A69C12A}.Debug|x64.Build.0 = Debug|Any CPU
		{EC3C09BA-23D5-4360-AF3D-B4D95A69C12A}.Debug|x86.ActiveCfg = Debug|Any CPU
		{EC3C09BA-23D5-4360-AF3D-B4D95A69C12A}.Debug|x86.Build.0 = Debug|Any CPU
		{EC3C09BA-23D5-4360-AF3D-B4D95A69C12A}.Release|Any CPU.ActiveCfg = Release|Any CPU
		{EC3C09BA-23D5-4360-AF3D-B4D95A69C12A}.Release|Any CPU.Build.0 = Release|Any CPU
		{EC3C09BA-23D5-4360-AF3D-B4D95A69C12A}.Release|ARM.ActiveCfg = Release|Any CPU
		{EC3C09BA-23D5-4360-AF3D-B4D95A69C12A}.Release|ARM.Build.0 = Release|Any CPU
		{EC3C09BA-23D5-4360-AF3D-B4D95A69C12A}.Release|x64.ActiveCfg = Release|Any CPU
		{EC3C09BA-23D5-4360-AF3D-B4D95A69C12A}.Release|x64.Build.0 = Release|Any CPU
		{EC3C09BA-23D5-4360-AF3D-B4D95A69C12A}.Release|x86.ActiveCfg = Release|Any CPU
		{EC3C09BA-23D5-4360-AF3D-B4D95A69C12A}.Release|x86.Build.0 = Release|Any CPU
		{D0E31DFD-2446-45BF-A8F3-1DF7B71C666A}.Debug|Any CPU.ActiveCfg = Debug|Any CPU
		{D0E31DFD-2446-45BF-A8F3-1DF7B71C666A}.Debug|Any CPU.Build.0 = Debug|Any CPU
		{D0E31DFD-2446-45BF-A8F3-1DF7B71C666A}.Debug|ARM.ActiveCfg = Debug|Any CPU
		{D0E31DFD-2446-45BF-A8F3-1DF7B71C666A}.Debug|ARM.Build.0 = Debug|Any CPU
		{D0E31DFD-2446-45BF-A8F3-1DF7B71C666A}.Debug|x64.ActiveCfg = Debug|Any CPU
		{D0E31DFD-2446-45BF-A8F3-1DF7B71C666A}.Debug|x64.Build.0 = Debug|Any CPU
		{D0E31DFD-2446-45BF-A8F3-1DF7B71C666A}.Debug|x86.ActiveCfg = Debug|Any CPU
		{D0E31DFD-2446-45BF-A8F3-1DF7B71C666A}.Debug|x86.Build.0 = Debug|Any CPU
		{D0E31DFD-2446-45BF-A8F3-1DF7B71C666A}.Release|Any CPU.ActiveCfg = Release|Any CPU
		{D0E31DFD-2446-45BF-A8F3-1DF7B71C666A}.Release|Any CPU.Build.0 = Release|Any CPU
		{D0E31DFD-2446-45BF-A8F3-1DF7B71C666A}.Release|ARM.ActiveCfg = Release|Any CPU
		{D0E31DFD-2446-45BF-A8F3-1DF7B71C666A}.Release|ARM.Build.0 = Release|Any CPU
		{D0E31DFD-2446-45BF-A8F3-1DF7B71C666A}.Release|x64.ActiveCfg = Release|Any CPU
		{D0E31DFD-2446-45BF-A8F3-1DF7B71C666A}.Release|x64.Build.0 = Release|Any CPU
		{D0E31DFD-2446-45BF-A8F3-1DF7B71C666A}.Release|x86.ActiveCfg = Release|Any CPU
		{D0E31DFD-2446-45BF-A8F3-1DF7B71C666A}.Release|x86.Build.0 = Release|Any CPU
	EndGlobalSection
	GlobalSection(SolutionProperties) = preSolution
		HideSolutionNode = FALSE
	EndGlobalSection
	GlobalSection(NestedProjects) = preSolution
		{286B17DD-F806-4A6C-841C-1F65D6C459C3} = {D9FAF91A-4BC1-4E16-A6EA-CF651DA6116D}
		{504DF65C-5A10-42A0-B933-719EA6D60BC1} = {698A1AB6-7FD6-41C5-9352-1325AF20D895}
		{C4FF56A0-798D-44FE-8B7C-4535018A3591} = {A7607075-C3A2-4133-AC24-415EA260851A}
		{EC3C09BA-23D5-4360-AF3D-B4D95A69C12A} = {A7607075-C3A2-4133-AC24-415EA260851A}
		{D0E31DFD-2446-45BF-A8F3-1DF7B71C666A} = {A7607075-C3A2-4133-AC24-415EA260851A}
	EndGlobalSection
	GlobalSection(ExtensibilityGlobals) = postSolution
		SolutionGuid = {D8679E76-A688-42F7-8FDD-99D2F82ED73C}
	EndGlobalSection
EndGlobal
